
Microsoft Visual Studio Solution File, Format Version 12.00
# Visual Studio Version 17
VisualStudioVersion = 17.0.31903.59
MinimumVisualStudioVersion = 10.0.40219.1
Project("{FAE04EC0-301F-11D3-BF4B-00C04F79EFBC}") = "ECommerce.Shared", "ECommerce.Shared\ECommerce.Shared.csproj", "{F4EFE878-4949-4794-9997-D8DCEC4626DF}"
EndProject
Global
	GlobalSection(SolutionConfigurationPlatforms) = preSolution
		Debug|Any CPU = Debug|Any CPU
		Release|Any CPU = Release|Any CPU
	EndGlobalSection
	GlobalSection(SolutionProperties) = preSolution
		HideSolutionNode = FALSE
	EndGlobalSection
	GlobalSection(ProjectConfigurationPlatforms) = postSolution
		{F4EFE878-4949-4794-9997-D8DCEC4626DF}.Debug|Any CPU.ActiveCfg = Debug|Any CPU
		{F4EFE878-4949-4794-9997-D8DCEC4626DF}.Debug|Any CPU.Build.0 = Debug|Any CPU
		{F4EFE878-4949-4794-9997-D8DCEC4626DF}.Release|Any CPU.ActiveCfg = Release|Any CPU
		{F4EFE878-4949-4794-9997-D8DCEC4626DF}.Release|Any CPU.Build.0 = Release|Any CPU
	EndGlobalSection
EndGlobal
