
Microsoft Visual Studio Solution File, Format Version 12.00
# Visual Studio Version 17
VisualStudioVersion = 17.0.31903.59
MinimumVisualStudioVersion = 10.0.40219.1
Project("{FAE04EC0-301F-11D3-BF4B-00C04F79EFBC}") = "Order.Service", "Order.Service\Order.Service.csproj", "{45912208-BF5D-4C0F-8360-3232412E2A31}"
EndProject
Project("{FAE04EC0-301F-11D3-BF4B-00C04F79EFBC}") = "Order.Tests", "Order.Tests\Order.Tests.csproj", "{E02A3F73-EB2B-4790-BA8F-6A5D9E14816E}"
EndProject
Global
	GlobalSection(SolutionConfigurationPlatforms) = preSolution
		Debug|Any CPU = Debug|Any CPU
		Release|Any CPU = Release|Any CPU
	EndGlobalSection
	GlobalSection(SolutionProperties) = preSolution
		HideSolutionNode = FALSE
	EndGlobalSection
	GlobalSection(ProjectConfigurationPlatforms) = postSolution
		{45912208-BF5D-4C0F-8360-3232412E2A31}.Debug|Any CPU.ActiveCfg = Debug|Any CPU
		{45912208-BF5D-4C0F-8360-3232412E2A31}.Debug|Any CPU.Build.0 = Debug|Any CPU
		{45912208-BF5D-4C0F-8360-3232412E2A31}.Release|Any CPU.ActiveCfg = Release|Any CPU
		{45912208-BF5D-4C0F-8360-3232412E2A31}.Release|Any CPU.Build.0 = Release|Any CPU
		{E02A3F73-EB2B-4790-BA8F-6A5D9E14816E}.Debug|Any CPU.ActiveCfg = Debug|Any CPU
		{E02A3F73-EB2B-4790-BA8F-6A5D9E14816E}.Debug|Any CPU.Build.0 = Debug|Any CPU
		{E02A3F73-EB2B-4790-BA8F-6A5D9E14816E}.Release|Any CPU.ActiveCfg = Release|Any CPU
		{E02A3F73-EB2B-4790-BA8F-6A5D9E14816E}.Release|Any CPU.Build.0 = Release|Any CPU
	EndGlobalSection
EndGlobal
